
Microsoft Visual Studio Solution File, Format Version 12.00
# Visual Studio Version 17
VisualStudioVersion = 17.0.31410.414
MinimumVisualStudioVersion = 10.0.40219.1
Project("{2150E333-8FDC-42A3-9474-1A3956D46DE8}") = "1 - API", "1 - API", "{FBD797EE-F7F3-43F5-93E2-4E7B3858C9A6}"
EndProject
Project("{2150E333-8FDC-42A3-9474-1A3956D46DE8}") = "2 - Infrastructure", "2 - Infrastructure", "{A60C5117-E06C-46E7-B6BE-34CF26529793}"
EndProject
Project("{2150E333-8FDC-42A3-9474-1A3956D46DE8}") = "2 - Domain", "2 - Domain", "{601F626C-DD89-4601-9A10-469D3307A8B5}"
EndProject
Project("{9A19103F-16F7-4668-BE54-9A1E7A4F7556}") = "BaseBackEnd.Security.Infrastructure.Data.EFCore", "BaseBackEnd.Infrastructure.Data\BaseBackEnd.Security.Infrastructure.Data.EFCore.csproj", "{8A7228FB-E475-4C2F-8CBB-6C8784AD9715}"
EndProject
Project("{9A19103F-16F7-4668-BE54-9A1E7A4F7556}") = "BaseBackEnd.Security.Domain", "BaseBackEnd.Domain\BaseBackEnd.Security.Domain.csproj", "{3539E41B-677B-46B7-A89A-F2C3CAE41991}"
EndProject
Project("{9A19103F-16F7-4668-BE54-9A1E7A4F7556}") = "BaseBackEnd.Security.API", "BaseBackEnd.API\BaseBackEnd.Security.API.csproj", "{A53263E8-4B83-4968-B58A-B8535F62F269}"
EndProject
Project("{9A19103F-16F7-4668-BE54-9A1E7A4F7556}") = "BaseBackEnd.Security.Infrastructure.Data.EFCore.Repositories", "BaseBackEnd.Infrastructure.Data.Repository\BaseBackEnd.Security.Infrastructure.Data.EFCore.Repositories.csproj", "{CCD8C3A1-939B-43F1-AC62-455183BBFE0B}"
EndProject
Project("{2150E333-8FDC-42A3-9474-1A3956D46DE8}") = "Service", "Service", "{EAAA6D0B-FC42-4724-8E5D-021EB505D778}"
EndProject
Project("{9A19103F-16F7-4668-BE54-9A1E7A4F7556}") = "BaseBackEnd.Service", "BaseBackEnd.Service\BaseBackEnd.Service.csproj", "{0827A92F-6A5C-4D1C-9169-C0FAD628A6B6}"
EndProject
Project("{9A19103F-16F7-4668-BE54-9A1E7A4F7556}") = "BaseBackEnd.Security.Infrastructure.CrossCutting", "BaseBackEnd.Infrastructure.CrossCutting\BaseBackEnd.Security.Infrastructure.CrossCutting.csproj", "{8F8837DF-6698-4702-8D51-E33E2D4F0A4B}"
EndProject
Project("{9A19103F-16F7-4668-BE54-9A1E7A4F7556}") = "BaseBackEnd.Security.API.ViewModels", "BaseBackEnd.Domain.ViewModel\BaseBackEnd.Security.API.ViewModels.csproj", "{480FEEDF-ED70-45A8-9980-59E43F7EEE7E}"
EndProject
Project("{9A19103F-16F7-4668-BE54-9A1E7A4F7556}") = "BaseBackEnd.Security.API.ViewModels.Validators", "BaseBackEnd.Service.Validator\BaseBackEnd.Security.API.ViewModels.Validators.csproj", "{80D942B5-0FAC-4DBA-87FD-8550EBA64A3A}"
EndProject
Project("{2150E333-8FDC-42A3-9474-1A3956D46DE8}") = "3.1 - Data", "3.1 - Data", "{7191EFEC-A3F1-40B7-B446-869BB9AB543A}"
EndProject
Project("{9A19103F-16F7-4668-BE54-9A1E7A4F7556}") = "BaseBackEnd.Security.API.Services", "BaseBackEnd.Security.API.Service\BaseBackEnd.Security.API.Services.csproj", "{F8A71F50-7C34-42AB-9140-69DEA6EAA3F6}"
EndProject
Project("{2150E333-8FDC-42A3-9474-1A3956D46DE8}") = "1.1 - ViewModel", "1.1 - ViewModel", "{530B2103-7379-4383-8E39-007762D33A64}"
EndProject
Project("{9A19103F-16F7-4668-BE54-9A1E7A4F7556}") = "BaseBackEnd.Security.Domain.Services", "BaseBackEnd.Security.Domain.Service\BaseBackEnd.Security.Domain.Services.csproj", "{8FF49797-186E-47EE-936F-051C55BA9081}"
EndProject
Project("{9A19103F-16F7-4668-BE54-9A1E7A4F7556}") = "BaseBackEnd.Security.Infrastructure.Data.PersistenceModels", "BaseBackEnd.Security.Infrastructure.Data.Model\BaseBackEnd.Security.Infrastructure.Data.PersistenceModels.csproj", "{4B7B1A40-D614-4D0D-B4B0-19188C4FD276}"
EndProject
Project("{9A19103F-16F7-4668-BE54-9A1E7A4F7556}") = "BaseBackEnd.Security.Infrastructure.Services", "BaseBackEnd.Security.Infrastructure.Service\BaseBackEnd.Security.Infrastructure.Services.csproj", "{A9B9349D-188F-4FC4-91F9-A75C4A65C3E0}"
EndProject
Global
	GlobalSection(SolutionConfigurationPlatforms) = preSolution
		Debug|Any CPU = Debug|Any CPU
		Release|Any CPU = Release|Any CPU
	EndGlobalSection
	GlobalSection(ProjectConfigurationPlatforms) = postSolution
		{8A7228FB-E475-4C2F-8CBB-6C8784AD9715}.Debug|Any CPU.ActiveCfg = Debug|Any CPU
		{8A7228FB-E475-4C2F-8CBB-6C8784AD9715}.Debug|Any CPU.Build.0 = Debug|Any CPU
		{8A7228FB-E475-4C2F-8CBB-6C8784AD9715}.Release|Any CPU.ActiveCfg = Release|Any CPU
		{8A7228FB-E475-4C2F-8CBB-6C8784AD9715}.Release|Any CPU.Build.0 = Release|Any CPU
		{3539E41B-677B-46B7-A89A-F2C3CAE41991}.Debug|Any CPU.ActiveCfg = Debug|Any CPU
		{3539E41B-677B-46B7-A89A-F2C3CAE41991}.Debug|Any CPU.Build.0 = Debug|Any CPU
		{3539E41B-677B-46B7-A89A-F2C3CAE41991}.Release|Any CPU.ActiveCfg = Release|Any CPU
		{3539E41B-677B-46B7-A89A-F2C3CAE41991}.Release|Any CPU.Build.0 = Release|Any CPU
		{A53263E8-4B83-4968-B58A-B8535F62F269}.Debug|Any CPU.ActiveCfg = Debug|Any CPU
		{A53263E8-4B83-4968-B58A-B8535F62F269}.Debug|Any CPU.Build.0 = Debug|Any CPU
		{A53263E8-4B83-4968-B58A-B8535F62F269}.Release|Any CPU.ActiveCfg = Release|Any CPU
		{A53263E8-4B83-4968-B58A-B8535F62F269}.Release|Any CPU.Build.0 = Release|Any CPU
		{CCD8C3A1-939B-43F1-AC62-455183BBFE0B}.Debug|Any CPU.ActiveCfg = Debug|Any CPU
		{CCD8C3A1-939B-43F1-AC62-455183BBFE0B}.Debug|Any CPU.Build.0 = Debug|Any CPU
		{CCD8C3A1-939B-43F1-AC62-455183BBFE0B}.Release|Any CPU.ActiveCfg = Release|Any CPU
		{CCD8C3A1-939B-43F1-AC62-455183BBFE0B}.Release|Any CPU.Build.0 = Release|Any CPU
		{0827A92F-6A5C-4D1C-9169-C0FAD628A6B6}.Debug|Any CPU.ActiveCfg = Debug|Any CPU
		{0827A92F-6A5C-4D1C-9169-C0FAD628A6B6}.Debug|Any CPU.Build.0 = Debug|Any CPU
		{0827A92F-6A5C-4D1C-9169-C0FAD628A6B6}.Release|Any CPU.ActiveCfg = Release|Any CPU
		{0827A92F-6A5C-4D1C-9169-C0FAD628A6B6}.Release|Any CPU.Build.0 = Release|Any CPU
		{8F8837DF-6698-4702-8D51-E33E2D4F0A4B}.Debug|Any CPU.ActiveCfg = Debug|Any CPU
		{8F8837DF-6698-4702-8D51-E33E2D4F0A4B}.Debug|Any CPU.Build.0 = Debug|Any CPU
		{8F8837DF-6698-4702-8D51-E33E2D4F0A4B}.Release|Any CPU.ActiveCfg = Release|Any CPU
		{8F8837DF-6698-4702-8D51-E33E2D4F0A4B}.Release|Any CPU.Build.0 = Release|Any CPU
		{480FEEDF-ED70-45A8-9980-59E43F7EEE7E}.Debug|Any CPU.ActiveCfg = Debug|Any CPU
		{480FEEDF-ED70-45A8-9980-59E43F7EEE7E}.Debug|Any CPU.Build.0 = Debug|Any CPU
		{480FEEDF-ED70-45A8-9980-59E43F7EEE7E}.Release|Any CPU.ActiveCfg = Release|Any CPU
		{480FEEDF-ED70-45A8-9980-59E43F7EEE7E}.Release|Any CPU.Build.0 = Release|Any CPU
		{80D942B5-0FAC-4DBA-87FD-8550EBA64A3A}.Debug|Any CPU.ActiveCfg = Debug|Any CPU
		{80D942B5-0FAC-4DBA-87FD-8550EBA64A3A}.Debug|Any CPU.Build.0 = Debug|Any CPU
		{80D942B5-0FAC-4DBA-87FD-8550EBA64A3A}.Release|Any CPU.ActiveCfg = Release|Any CPU
		{80D942B5-0FAC-4DBA-87FD-8550EBA64A3A}.Release|Any CPU.Build.0 = Release|Any CPU
		{F8A71F50-7C34-42AB-9140-69DEA6EAA3F6}.Debug|Any CPU.ActiveCfg = Debug|Any CPU
		{F8A71F50-7C34-42AB-9140-69DEA6EAA3F6}.Debug|Any CPU.Build.0 = Debug|Any CPU
		{F8A71F50-7C34-42AB-9140-69DEA6EAA3F6}.Release|Any CPU.ActiveCfg = Release|Any CPU
		{F8A71F50-7C34-42AB-9140-69DEA6EAA3F6}.Release|Any CPU.Build.0 = Release|Any CPU
		{8FF49797-186E-47EE-936F-051C55BA9081}.Debug|Any CPU.ActiveCfg = Debug|Any CPU
		{8FF49797-186E-47EE-936F-051C55BA9081}.Debug|Any CPU.Build.0 = Debug|Any CPU
		{8FF49797-186E-47EE-936F-051C55BA9081}.Release|Any CPU.ActiveCfg = Release|Any CPU
		{8FF49797-186E-47EE-936F-051C55BA9081}.Release|Any CPU.Build.0 = Release|Any CPU
		{4B7B1A40-D614-4D0D-B4B0-19188C4FD276}.Debug|Any CPU.ActiveCfg = Debug|Any CPU
		{4B7B1A40-D614-4D0D-B4B0-19188C4FD276}.Debug|Any CPU.Build.0 = Debug|Any CPU
		{4B7B1A40-D614-4D0D-B4B0-19188C4FD276}.Release|Any CPU.ActiveCfg = Release|Any CPU
		{4B7B1A40-D614-4D0D-B4B0-19188C4FD276}.Release|Any CPU.Build.0 = Release|Any CPU
		{A9B9349D-188F-4FC4-91F9-A75C4A65C3E0}.Debug|Any CPU.ActiveCfg = Debug|Any CPU
		{A9B9349D-188F-4FC4-91F9-A75C4A65C3E0}.Debug|Any CPU.Build.0 = Debug|Any CPU
		{A9B9349D-188F-4FC4-91F9-A75C4A65C3E0}.Release|Any CPU.ActiveCfg = Release|Any CPU
		{A9B9349D-188F-4FC4-91F9-A75C4A65C3E0}.Release|Any CPU.Build.0 = Release|Any CPU
	EndGlobalSection
	GlobalSection(SolutionProperties) = preSolution
		HideSolutionNode = FALSE
	EndGlobalSection
	GlobalSection(NestedProjects) = preSolution
		{8A7228FB-E475-4C2F-8CBB-6C8784AD9715} = {7191EFEC-A3F1-40B7-B446-869BB9AB543A}
		{3539E41B-677B-46B7-A89A-F2C3CAE41991} = {601F626C-DD89-4601-9A10-469D3307A8B5}
		{A53263E8-4B83-4968-B58A-B8535F62F269} = {FBD797EE-F7F3-43F5-93E2-4E7B3858C9A6}
		{CCD8C3A1-939B-43F1-AC62-455183BBFE0B} = {7191EFEC-A3F1-40B7-B446-869BB9AB543A}
		{0827A92F-6A5C-4D1C-9169-C0FAD628A6B6} = {EAAA6D0B-FC42-4724-8E5D-021EB505D778}
		{8F8837DF-6698-4702-8D51-E33E2D4F0A4B} = {A60C5117-E06C-46E7-B6BE-34CF26529793}
		{480FEEDF-ED70-45A8-9980-59E43F7EEE7E} = {530B2103-7379-4383-8E39-007762D33A64}
		{80D942B5-0FAC-4DBA-87FD-8550EBA64A3A} = {530B2103-7379-4383-8E39-007762D33A64}
		{7191EFEC-A3F1-40B7-B446-869BB9AB543A} = {A60C5117-E06C-46E7-B6BE-34CF26529793}
		{F8A71F50-7C34-42AB-9140-69DEA6EAA3F6} = {FBD797EE-F7F3-43F5-93E2-4E7B3858C9A6}
		{530B2103-7379-4383-8E39-007762D33A64} = {FBD797EE-F7F3-43F5-93E2-4E7B3858C9A6}
		{8FF49797-186E-47EE-936F-051C55BA9081} = {601F626C-DD89-4601-9A10-469D3307A8B5}
		{4B7B1A40-D614-4D0D-B4B0-19188C4FD276} = {7191EFEC-A3F1-40B7-B446-869BB9AB543A}
		{A9B9349D-188F-4FC4-91F9-A75C4A65C3E0} = {A60C5117-E06C-46E7-B6BE-34CF26529793}
	EndGlobalSection
	GlobalSection(ExtensibilityGlobals) = postSolution
		SolutionGuid = {4C550754-FAD4-42C8-BD7E-B0DBD09A793F}
	EndGlobalSection
EndGlobal
