
Microsoft Visual Studio Solution File, Format Version 12.00
# Visual Studio Version 17
VisualStudioVersion = 17.0.31410.414
MinimumVisualStudioVersion = 10.0.40219.1
Project("{2150E333-8FDC-42A3-9474-1A3956D46DE8}") = "API", "API", "{FBD797EE-F7F3-43F5-93E2-4E7B3858C9A6}"
EndProject
Project("{2150E333-8FDC-42A3-9474-1A3956D46DE8}") = "Infrastructure", "Infrastructure", "{A60C5117-E06C-46E7-B6BE-34CF26529793}"
EndProject
Project("{2150E333-8FDC-42A3-9474-1A3956D46DE8}") = "Domain", "Domain", "{601F626C-DD89-4601-9A10-469D3307A8B5}"
EndProject
Project("{9A19103F-16F7-4668-BE54-9A1E7A4F7556}") = "BaseBackEnd.Infrastructure.CrossCutting", "BaseBackEnd.Infrastructure.Util\BaseBackEnd.Infrastructure.CrossCutting.csproj", "{62010526-028C-4A36-8E0E-0FD81AABCEA1}"
EndProject
Project("{9A19103F-16F7-4668-BE54-9A1E7A4F7556}") = "BaseBackEnd.Infrastructure.Data", "BaseBackEnd.Infrastructure.Data\BaseBackEnd.Infrastructure.Data.csproj", "{8A7228FB-E475-4C2F-8CBB-6C8784AD9715}"
EndProject
Project("{9A19103F-16F7-4668-BE54-9A1E7A4F7556}") = "BaseBackEnd.Domain", "BaseBackEnd.Domain\BaseBackEnd.Domain.csproj", "{3539E41B-677B-46B7-A89A-F2C3CAE41991}"
EndProject
Project("{9A19103F-16F7-4668-BE54-9A1E7A4F7556}") = "BaseBackEnd.API", "BaseBackEnd.API\BaseBackEnd.API.csproj", "{A53263E8-4B83-4968-B58A-B8535F62F269}"
EndProject
Project("{9A19103F-16F7-4668-BE54-9A1E7A4F7556}") = "BaseBackEnd.Domain.Service", "BaseBackEnd.Domain.Service\BaseBackEnd.Domain.Service.csproj", "{BB8C9F1B-D42F-4E2C-8E9C-EA34F6BD7ACD}"
EndProject
Project("{FAE04EC0-301F-11D3-BF4B-00C04F79EFBC}") = "BaseBackEnd.Infrastructure.Data.Repository", "BaseBackEnd.Infrastructure.Data.Repository\BaseBackEnd.Infrastructure.Data.Repository.csproj", "{CCD8C3A1-939B-43F1-AC62-455183BBFE0B}"
EndProject
Project("{FAE04EC0-301F-11D3-BF4B-00C04F79EFBC}") = "BaseBackEnd.API.ViewModel", "BaseBackEnd.API.ViewModel\BaseBackEnd.API.ViewModel.csproj", "{4BA73931-EC2E-4E9E-B0E6-F9993BDB35B1}"
EndProject
Global
	GlobalSection(SolutionConfigurationPlatforms) = preSolution
		Debug|Any CPU = Debug|Any CPU
		Release|Any CPU = Release|Any CPU
	EndGlobalSection
	GlobalSection(ProjectConfigurationPlatforms) = postSolution
		{62010526-028C-4A36-8E0E-0FD81AABCEA1}.Debug|Any CPU.ActiveCfg = Debug|Any CPU
		{62010526-028C-4A36-8E0E-0FD81AABCEA1}.Debug|Any CPU.Build.0 = Debug|Any CPU
		{62010526-028C-4A36-8E0E-0FD81AABCEA1}.Release|Any CPU.ActiveCfg = Release|Any CPU
		{62010526-028C-4A36-8E0E-0FD81AABCEA1}.Release|Any CPU.Build.0 = Release|Any CPU
		{8A7228FB-E475-4C2F-8CBB-6C8784AD9715}.Debug|Any CPU.ActiveCfg = Debug|Any CPU
		{8A7228FB-E475-4C2F-8CBB-6C8784AD9715}.Debug|Any CPU.Build.0 = Debug|Any CPU
		{8A7228FB-E475-4C2F-8CBB-6C8784AD9715}.Release|Any CPU.ActiveCfg = Release|Any CPU
		{8A7228FB-E475-4C2F-8CBB-6C8784AD9715}.Release|Any CPU.Build.0 = Release|Any CPU
		{3539E41B-677B-46B7-A89A-F2C3CAE41991}.Debug|Any CPU.ActiveCfg = Debug|Any CPU
		{3539E41B-677B-46B7-A89A-F2C3CAE41991}.Debug|Any CPU.Build.0 = Debug|Any CPU
		{3539E41B-677B-46B7-A89A-F2C3CAE41991}.Release|Any CPU.ActiveCfg = Release|Any CPU
		{3539E41B-677B-46B7-A89A-F2C3CAE41991}.Release|Any CPU.Build.0 = Release|Any CPU
		{A53263E8-4B83-4968-B58A-B8535F62F269}.Debug|Any CPU.ActiveCfg = Debug|Any CPU
		{A53263E8-4B83-4968-B58A-B8535F62F269}.Debug|Any CPU.Build.0 = Debug|Any CPU
		{A53263E8-4B83-4968-B58A-B8535F62F269}.Release|Any CPU.ActiveCfg = Release|Any CPU
		{A53263E8-4B83-4968-B58A-B8535F62F269}.Release|Any CPU.Build.0 = Release|Any CPU
		{BB8C9F1B-D42F-4E2C-8E9C-EA34F6BD7ACD}.Debug|Any CPU.ActiveCfg = Debug|Any CPU
		{BB8C9F1B-D42F-4E2C-8E9C-EA34F6BD7ACD}.Debug|Any CPU.Build.0 = Debug|Any CPU
		{BB8C9F1B-D42F-4E2C-8E9C-EA34F6BD7ACD}.Release|Any CPU.ActiveCfg = Release|Any CPU
		{BB8C9F1B-D42F-4E2C-8E9C-EA34F6BD7ACD}.Release|Any CPU.Build.0 = Release|Any CPU
		{CCD8C3A1-939B-43F1-AC62-455183BBFE0B}.Debug|Any CPU.ActiveCfg = Debug|Any CPU
		{CCD8C3A1-939B-43F1-AC62-455183BBFE0B}.Debug|Any CPU.Build.0 = Debug|Any CPU
		{CCD8C3A1-939B-43F1-AC62-455183BBFE0B}.Release|Any CPU.ActiveCfg = Release|Any CPU
		{CCD8C3A1-939B-43F1-AC62-455183BBFE0B}.Release|Any CPU.Build.0 = Release|Any CPU
		{4BA73931-EC2E-4E9E-B0E6-F9993BDB35B1}.Debug|Any CPU.ActiveCfg = Debug|Any CPU
		{4BA73931-EC2E-4E9E-B0E6-F9993BDB35B1}.Debug|Any CPU.Build.0 = Debug|Any CPU
		{4BA73931-EC2E-4E9E-B0E6-F9993BDB35B1}.Release|Any CPU.ActiveCfg = Release|Any CPU
		{4BA73931-EC2E-4E9E-B0E6-F9993BDB35B1}.Release|Any CPU.Build.0 = Release|Any CPU
	EndGlobalSection
	GlobalSection(SolutionProperties) = preSolution
		HideSolutionNode = FALSE
	EndGlobalSection
	GlobalSection(NestedProjects) = preSolution
		{62010526-028C-4A36-8E0E-0FD81AABCEA1} = {A60C5117-E06C-46E7-B6BE-34CF26529793}
		{8A7228FB-E475-4C2F-8CBB-6C8784AD9715} = {A60C5117-E06C-46E7-B6BE-34CF26529793}
		{3539E41B-677B-46B7-A89A-F2C3CAE41991} = {601F626C-DD89-4601-9A10-469D3307A8B5}
		{A53263E8-4B83-4968-B58A-B8535F62F269} = {FBD797EE-F7F3-43F5-93E2-4E7B3858C9A6}
		{BB8C9F1B-D42F-4E2C-8E9C-EA34F6BD7ACD} = {601F626C-DD89-4601-9A10-469D3307A8B5}
		{CCD8C3A1-939B-43F1-AC62-455183BBFE0B} = {A60C5117-E06C-46E7-B6BE-34CF26529793}
		{4BA73931-EC2E-4E9E-B0E6-F9993BDB35B1} = {FBD797EE-F7F3-43F5-93E2-4E7B3858C9A6}
	EndGlobalSection
	GlobalSection(ExtensibilityGlobals) = postSolution
		SolutionGuid = {4C550754-FAD4-42C8-BD7E-B0DBD09A793F}
	EndGlobalSection
EndGlobal
